{
  "name": "kallicreates",
  "version": "1.0.0",
  "lockfileVersion": 3,
  "requires": true,
  "packages": {
    "": {
      "name": "kallicreates",
      "version": "1.0.0",
      "license": "ISC",
      "dependencies": {
        "stripe": "^22.0.1"
      }
    },
    "node_modules/stripe": {
      "version": "22.0.1",
      "resolved": "https://registry.npmjs.org/stripe/-/stripe-22.0.1.tgz",
      "integrity": "sha512-Yw764pZ6s8Xu4CtUZdD5uWOkw6gc9xzO9OKylCuj1gMhMDLbyGbDtaPNNSFE4mB6njYSHESYIVbF1iIzUfAl2g==",
      "license": "MIT",
      "engines": {
        "node": ">=18"
      },
      "peerDependencies": {
        "@types/node": ">=18"
      },
      "peerDependenciesMeta": {
        "@types/node": {
          "optional": true
        }
      }
    }
  }
}
